<?xml version="1.0" encoding="utf-8"?>
<Project ToolsVersion="4.0" xmlns="http://schemas.microsoft.com/developer/msbuild/2003">
  <ItemGroup>
    <Filter Include="Source Files">
      <UniqueIdentifier>{ec5b0a68-549f-4bfd-9a8c-9ed73280de2e}</UniqueIdentifier>
      <Extensions>cpp;c;cxx;rc;def;r;odl;idl;hpj;bat</Extensions>
    </Filter>
    <Filter Include="Header Files">
      <UniqueIdentifier>{6ac7851a-5162-4828-b46c-754f71f67e1b}</UniqueIdentifier>
      <Extensions>h;hpp;hxx;hm;inl</Extensions>
    </Filter>
    <Filter Include="Resource Files">
      <UniqueIdentifier>{b674d3c2-2a75-4069-ad6c-ecf74d787d0b}</UniqueIdentifier>
      <Extensions>ico;cur;bmp;dlg;rc2;rct;bin;rgs;gif;jpg;jpeg;jpe</Extensions>
    </Filter>
  </ItemGroup>
  <ItemGroup>
    <ClCompile Include="CHI_ADEC_DEC.cpp">
      <Filter>Source Files</Filter>
    </ClCompile>
    <ClCompile Include="CHI_AENC_ENC.cpp">
      <Filter>Source Files</Filter>
    </ClCompile>
    <ClCompile Include="CHI_AI_MM.cpp">
      <Filter>Source Files</Filter>
    </ClCompile>
    <ClCompile Include="CHI_AO_MM.cpp">
      <Filter>Source Files</Filter>
    </ClCompile>
    <ClCompile Include="CHI_COMMON_RingBuffer.cpp">
      <Filter>Source Files</Filter>
    </ClCompile>
    <ClCompile Include="HI_AI_Buffer.cpp">
      <Filter>Source Files</Filter>
    </ClCompile>
    <ClCompile Include="samnetlib.cpp">
      <Filter>Source Files</Filter>
    </ClCompile>
    <ClCompile Include="samnetlibDlg.cpp">
      <Filter>Source Files</Filter>
    </ClCompile>
    <ClCompile Include="StdAfx.cpp">
      <Filter>Source Files</Filter>
    </ClCompile>
  </ItemGroup>
  <ItemGroup>
    <ResourceCompile Include="samnetlib.rc">
      <Filter>Source Files</Filter>
    </ResourceCompile>
  </ItemGroup>
  <ItemGroup>
    <ClInclude Include="CHI_ADEC_DEC.h">
      <Filter>Header Files</Filter>
    </ClInclude>
    <ClInclude Include="CHI_AENC_ENC.h">
      <Filter>Header Files</Filter>
    </ClInclude>
    <ClInclude Include="CHI_AI_MM.h">
      <Filter>Header Files</Filter>
    </ClInclude>
    <ClInclude Include="CHI_AO_MM.h">
      <Filter>Header Files</Filter>
    </ClInclude>
    <ClInclude Include="CHI_COMMON_RingBuffer.h">
      <Filter>Header Files</Filter>
    </ClInclude>
    <ClInclude Include="HI_AI_Buffer.h">
      <Filter>Header Files</Filter>
    </ClInclude>
    <ClInclude Include="..\include\hi_net_dev_sdk.h">
      <Filter>Header Files</Filter>
    </ClInclude>
    <ClInclude Include="Resource.h">
      <Filter>Header Files</Filter>
    </ClInclude>
    <ClInclude Include="samnetlib.h">
      <Filter>Header Files</Filter>
    </ClInclude>
    <ClInclude Include="samnetlibDlg.h">
      <Filter>Header Files</Filter>
    </ClInclude>
    <ClInclude Include="StdAfx.h">
      <Filter>Header Files</Filter>
    </ClInclude>
  </ItemGroup>
  <ItemGroup>
    <CustomBuild Include="res\samnetlib.ico">
      <Filter>Resource Files</Filter>
    </CustomBuild>
    <CustomBuild Include="res\samnetlib.rc2">
      <Filter>Resource Files</Filter>
    </CustomBuild>
  </ItemGroup>
</Project>